
Microsoft Visual Studio Solution File, Format Version 12.00
# Visual Studio Version 17
VisualStudioVersion = 17.3.32901.215
MinimumVisualStudioVersion = 10.0.40219.1
Project("{FAE04EC0-301F-11D3-BF4B-00C04F79EFBC}") = "ConsoleAppYear3", "ConsoleAppYear3\ConsoleAppYear3.csproj", "{CE6945E2-D831-4F1A-8474-0B97ABAA7132}"
EndProject
Global
	GlobalSection(SolutionConfigurationPlatforms) = preSolution
		Debug|Any CPU = Debug|Any CPU
		Release|Any CPU = Release|Any CPU
	EndGlobalSection
	GlobalSection(ProjectConfigurationPlatforms) = postSolution
		{CE6945E2-D831-4F1A-8474-0B97ABAA7132}.Debug|Any CPU.ActiveCfg = Debug|Any CPU
		{CE6945E2-D831-4F1A-8474-0B97ABAA7132}.Debug|Any CPU.Build.0 = Debug|Any CPU
		{CE6945E2-D831-4F1A-8474-0B97ABAA7132}.Release|Any CPU.ActiveCfg = Release|Any CPU
		{CE6945E2-D831-4F1A-8474-0B97ABAA7132}.Release|Any CPU.Build.0 = Release|Any CPU
	EndGlobalSection
	GlobalSection(SolutionProperties) = preSolution
		HideSolutionNode = FALSE
	EndGlobalSection
	GlobalSection(ExtensibilityGlobals) = postSolution
		SolutionGuid = {1D0620CD-E075-4F9D-BECB-B39AE19AE563}
	EndGlobalSection
EndGlobal
